// !$*UTF8*$!
{
	archiveVersion = 1;
	classes = {
	};
	objectVersion = 46;
	objects = {

/* Begin PBXBuildFile section */
		5220A9391C3CCDD800A2B507 /* AppDelegate.swift in Sources */ = {isa = PBXBuildFile; fileRef = 5220A9381C3CCDD800A2B507 /* AppDelegate.swift */; };
		5220A93B1C3CCDD800A2B507 /* ViewController.swift in Sources */ = {isa = PBXBuildFile; fileRef = 5220A93A1C3CCDD800A2B507 /* ViewController.swift */; };
		5220A93E1C3CCDD800A2B507 /* Main.storyboard in Resources */ = {isa = PBXBuildFile; fileRef = 5220A93C1C3CCDD800A2B507 /* Main.storyboard */; };
		5220A9401C3CCDD800A2B507 /* Assets.xcassets in Resources */ = {isa = PBXBuildFile; fileRef = 5220A93F1C3CCDD800A2B507 /* Assets.xcassets */; };
		5220A9431C3CCDD800A2B507 /* LaunchScreen.storyboard in Resources */ = {isa = PBXBuildFile; fileRef = 5220A9411C3CCDD800A2B507 /* LaunchScreen.storyboard */; };
/* End PBXBuildFile section */

/* Begin PBXFileReference section */
		5220A9351C3CCDD800A2B507 /* SuperDuper.app */ = {isa = PBXFileReference; explicitFileType = wrapper.application; includeInIndex = 0; path = SuperDuper.app; sourceTree = BUILT_PRODUCTS_DIR; };
		5220A9381C3CCDD800A2B507 /* AppDelegate.swift */ = {isa = PBXFileReference; lastKnownFileType = sourcecode.swift; path = AppDelegate.swift; sourceTree = "<group>"; };
		5220A93A1C3CCDD800A2B507 /* ViewController.swift */ = {isa = PBXFileReference; lastKnownFileType = sourcecode.swift; path = ViewController.swift; sourceTree = "<group>"; };
		5220A93D1C3CCDD800A2B507 /* Base */ = {isa = PBXFileReference; lastKnownFileType = file.storyboard; name = Base; path = Base.lproj/Main.storyboard; sourceTree = "<group>"; };
		5220A93F1C3CCDD800A2B507 /* Assets.xcassets */ = {isa = PBXFileReference; lastKnownFileType = folder.assetcatalog; path = Assets.xcassets; sourceTree = "<group>"; };
		5220A9421C3CCDD800A2B507 /* Base */ = {isa = PBXFileReference; lastKnownFileType = file.storyboard; name = Base; path = Base.lproj/LaunchScreen.storyboard; sourceTree = "<group>"; };
		5220A9441C3CCDD800A2B507 /* Info.plist */ = {isa = PBXFileReference; lastKnownFileType = text.plist.xml; path = Info.plist; sourceTree = "<group>"; };
/* End PBXFileReference section */

/* Begin PBXFrameworksBuildPhase section */
		5220A9321C3CCDD800A2B507 /* Frameworks */ = {
			isa = PBXFrameworksBuildPhase;
			buildActionMask = 2147483647;
			files = (
			);
			runOnlyForDeploymentPostprocessing = 0;
		};
/* End PBXFrameworksBuildPhase section */

/* Begin PBXGroup section */
		5220A92C1C3CCDD800A2B507 = {
			isa = PBXGroup;
			children = (
				5220A9371C3CCDD800A2B507 /* SuperDuper */,
				5220A9361C3CCDD800A2B507 /* Products */,
			);
			sourceTree = "<group>";
		};
		5220A9361C3CCDD800A2B507 /* Products */ = {
			isa = PBXGroup;
			children = (
				5220A9351C3CCDD800A2B507 /* SuperDuper.app */,
			);
			name = Products;
			sourceTree = "<group>";
		};
		5220A9371C3CCDD800A2B507 /* SuperDuper */ = {
			isa = PBXGroup;
			children = (
				5220A9381C3CCDD800A2B507 /* AppDelegate.swift */,
				5220A93A1C3CCDD800A2B507 /* ViewController.swift */,
				5220A93C1C3CCDD800A2B507 /* Main.storyboard */,
				5220A93F1C3CCDD800A2B507 /* Assets.xcassets */,
				5220A9411C3CCDD800A2B507 /* LaunchScreen.storyboard */,
				5220A9441C3CCDD800A2B507 /* Info.plist */,
			);
			path = SuperDuper;
			sourceTree = "<group>";
		};
/* End PBXGroup section */

/* Begin PBXNativeTarget section */
		5220A9341C3CCDD800A2B507 /* SuperDuper */ = {
			isa = PBXNativeTarget;
			buildConfigurationList = 5220A9471C3CCDD800A2B507 /* Build configuration list for PBXNativeTarget "SuperDuper" */;
			buildPhases = (
				5220A9311C3CCDD800A2B507 /* Sources */,
				5220A9321C3CCDD800A2B507 /* Frameworks */,
				5220A9331C3CCDD800A2B507 /* Resources */,
			);
			buildRules = (
			);
			dependencies = (
			);
			name = SuperDuper;
			productName = SuperDuper;
			productReference = 5220A9351C3CCDD800A2B507 /* SuperDuper.app */;
			productType = "com.apple.product-type.application";
		};
/* End PBXNativeTarget section */

/* Begin PBXProject section */
		5220A92D1C3CCDD800A2B507 /* Project object */ = {
			isa = PBXProject;
			attributes = {
				LastSwiftUpdateCheck = 0720;
				LastUpgradeCheck = 0720;
				ORGANIZATIONNAME = "Steven Elliot";
				TargetAttributes = {
					5220A9341C3CCDD800A2B507 = {
						CreatedOnToolsVersion = 7.2;
						DevelopmentTeam = RYTAFVN8D6;
					};
				};
			};
			buildConfigurationList = 5220A9301C3CCDD800A2B507 /* Build configuration list for PBXProject "SuperDuper" */;
			compatibilityVersion = "Xcode 3.2";
			developmentRegion = English;
			hasScannedForEncodings = 0;
			knownRegions = (
				en,
				Base,
			);
			mainGroup = 5220A92C1C3CCDD800A2B507;
			productRefGroup = 5220A9361C3CCDD800A2B507 /* Products */;
			projectDirPath = "";
			projectRoot = "";
			targets = (
				5220A9341C3CCDD800A2B507 /* SuperDuper */,
			);
		};
/* End PBXProject section */

/* Begin PBXResourcesBuildPhase section */
		5220A9331C3CCDD800A2B507 /* Resources */ = {
			isa = PBXResourcesBuildPhase;
			buildActionMask = 2147483647;
			files = (
				5220A9431C3CCDD800A2B507 /* LaunchScreen.storyboard in Resources */,
				5220A9401C3CCDD800A2B507 /* Assets.xcassets in Resources */,
				5220A93E1C3CCDD800A2B507 /* Main.storyboard in Resources */,
			);
			runOnlyForDeploymentPostprocessing = 0;
		};
/* End PBXResourcesBuildPhase section */

/* Begin PBXSourcesBuildPhase section */
		5220A9311C3CCDD800A2B507 /* Sources */ = {
			isa = PBXSourcesBuildPhase;
			buildActionMask = 2147483647;
			files = (
				5220A93B1C3CCDD800A2B507 /* ViewController.swift in Sources */,
				5220A9391C3CCDD800A2B507 /* AppDelegate.swift in Sources */,
			);
			runOnlyForDeploymentPostprocessing = 0;
		};
/* End PBXSourcesBuildPhase section */

/* Begin PBXVariantGroup section */
		5220A93C1C3CCDD800A2B507 /* Main.storyboard */ = {
			isa = PBXVariantGroup;
			children = (
				5220A93D1C3CCDD800A2B507 /* Base */,
			);
			name = Main.storyboard;
			sourceTree = "<group>";
		};
		5220A9411C3CCDD800A2B507 /* LaunchScreen.storyboard */ = {
			isa = PBXVariantGroup;
			children = (
				5220A9421C3CCDD800A2B507 /* Base */,
			);
			name = LaunchScreen.storyboard;
			sourceTree = "<group>";
		};
/* End PBXVariantGroup section */

/* Begin XCBuildConfiguration section */
		5220A9451C3CCDD800A2B507 /* Debug */ = {
			isa = XCBuildConfiguration;
			buildSettings = {
				ALWAYS_SEARCH_USER_PATHS = NO;
				CLANG_CXX_LANGUAGE_STANDARD = "gnu++0x";
				CLANG_CXX_LIBRARY = "libc++";
				CLANG_ENABLE_MODULES = YES;
				CLANG_ENABLE_OBJC_ARC = YES;
				CLANG_WARN_BOOL_CONVERSION = YES;
				CLANG_WARN_CONSTANT_CONVERSION = YES;
				CLANG_WARN_DIRECT_OBJC_ISA_USAGE = YES_ERROR;
				CLANG_WARN_EMPTY_BODY = YES;
				CLANG_WARN_ENUM_CONVERSION = YES;
				CLANG_WARN_INT_CONVERSION = YES;
				CLANG_WARN_OBJC_ROOT_CLASS = YES_ERROR;
				CLANG_WARN_UNREACHABLE_CODE = YES;
				CLANG_WARN__DUPLICATE_METHOD_MATCH = YES;
				"CODE_SIGN_IDENTITY[sdk=iphoneos*]" = "iPhone Developer";
				COPY_PHASE_STRIP = NO;
				DEBUG_INFORMATION_FORMAT = dwarf;
				ENABLE_STRICT_OBJC_MSGSEND = YES;
				ENABLE_TESTABILITY = YES;
				GCC_C_LANGUAGE_STANDARD = gnu99;
				GCC_DYNAMIC_NO_PIC = NO;
				GCC_NO_COMMON_BLOCKS = YES;
				GCC_OPTIMIZATION_LEVEL = 0;
				GCC_PREPROCESSOR_DEFINITIONS = (
					"DEBUG=1",
					"$(inherited)",
				);
				GCC_WARN_64_TO_32_BIT_CONVERSION = YES;
				GCC_WARN_ABOUT_RETURN_TYPE = YES_ERROR;
				GCC_WARN_UNDECLARED_SELECTOR = YES;
				GCC_WARN_UNINITIALIZED_AUTOS = YES_AGGRESSIVE;
				GCC_WARN_UNUSED_FUNCTION = YES;
				GCC_WARN_UNUSED_VARIABLE = YES;
				IPHONEOS_DEPLOYMENT_TARGET = 9.2;
				MTL_ENABLE_DEBUG_INFO = YES;
				ONLY_ACTIVE_ARCH = YES;
				SDKROOT = iphoneos;
				SWIFT_OPTIMIZATION_LEVEL = "-Onone";
			};
			name = Debug;
		};
		5220A9461C3CCDD800A2B507 /* Release */ = {
			isa = XCBuildConfiguration;
			buildSettings = {
				ALWAYS_SEARCH_USER_PATHS = NO;
				CLANG_CXX_LANGUAGE_STANDARD = "gnu++0x";
				CLANG_CXX_LIBRARY = "libc++";
				CLANG_ENABLE_MODULES = YES;
				CLANG_ENABLE_OBJC_ARC = YES;
				CLANG_WARN_BOOL_CONVERSION = YES;
				CLANG_WARN_CONSTANT_CONVERSION = YES;
				CLANG_WARN_DIRECT_OBJC_ISA_USAGE = YES_ERROR;
				CLANG_WARN_EMPTY_BODY = YES;
				CLANG_WARN_ENUM_CONVERSION = YES;
				CLANG_WARN_INT_CONVERSION = YES;
				CLANG_WARN_OBJC_ROOT_CLASS = YES_ERROR;
				CLANG_WARN_UNREACHABLE_CODE = YES;
				CLANG_WARN__DUPLICATE_METHOD_MATCH = YES;
				"CODE_SIGN_IDENTITY[sdk=iphoneos*]" = "iPhone Developer";
				COPY_PHASE_STRIP = NO;
				DEBUG_INFORMATION_FORMAT = "dwarf-with-dsym";
				ENABLE_NS_ASSERTIONS = NO;
				ENABLE_STRICT_OBJC_MSGSEND = YES;
				GCC_C_LANGUAGE_STANDARD = gnu99;
				GCC_NO_COMMON_BLOCKS = YES;
				GCC_WARN_64_TO_32_BIT_CONVERSION = YES;
				GCC_WARN_ABOUT_RETURN_TYPE = YES_ERROR;
				GCC_WARN_UNDECLARED_SELECTOR = YES;
				GCC_WARN_UNINITIALIZED_AUTOS = YES_AGGRESSIVE;
				GCC_WARN_UNUSED_FUNCTION = YES;
				GCC_WARN_UNUSED_VARIABLE = YES;
				IPHONEOS_DEPLOYMENT_TARGET = 9.2;
				MTL_ENABLE_DEBUG_INFO = NO;
				SDKROOT = iphoneos;
				VALIDATE_PRODUCT = YES;
			};
			name = Release;
		};
		5220A9481C3CCDD800A2B507 /* Debug */ = {
			isa = XCBuildConfiguration;
			buildSettings = {
				ASSETCATALOG_COMPILER_APPICON_NAME = AppIcon;
				INFOPLIST_FILE = SuperDuper/Info.plist;
				LD_RUNPATH_SEARCH_PATHS = "$(inherited) @executable_path/Frameworks";
				PRODUCT_BUNDLE_IDENTIFIER = com.StevenElliot.SuperDuper;
				PRODUCT_NAME = "$(TARGET_NAME)";
			};
			name = Debug;
		};
		5220A9491C3CCDD800A2B507 /* Release */ = {
			isa = XCBuildConfiguration;
			buildSettings = {
				ASSETCATALOG_COMPILER_APPICON_NAME = AppIcon;
				INFOPLIST_FILE = SuperDuper/Info.plist;
				LD_RUNPATH_SEARCH_PATHS = "$(inherited) @executable_path/Frameworks";
				PRODUCT_BUNDLE_IDENTIFIER = com.StevenElliot.SuperDuper;
				PRODUCT_NAME = "$(TARGET_NAME)";
			};
			name = Release;
		};
/* End XCBuildConfiguration section */

/* Begin XCConfigurationList section */
		5220A9301C3CCDD800A2B507 /* Build configuration list for PBXProject "SuperDuper" */ = {
			isa = XCConfigurationList;
			buildConfigurations = (
				5220A9451C3CCDD800A2B507 /* Debug */,
				5220A9461C3CCDD800A2B507 /* Release */,
			);
			defaultConfigurationIsVisible = 0;
			defaultConfigurationName = Release;
		};
		5220A9471C3CCDD800A2B507 /* Build configuration list for PBXNativeTarget "SuperDuper" */ = {
			isa = XCConfigurationList;
			buildConfigurations = (
				5220A9481C3CCDD800A2B507 /* Debug */,
				5220A9491C3CCDD800A2B507 /* Release */,
			);
			defaultConfigurationIsVisible = 0;
		};
/* End XCConfigurationList section */
	};
	rootObject = 5220A92D1C3CCDD800A2B507 /* Project object */;
}
